// !$*UTF8*$!
{
	archiveVersion = 1;
	classes = {
	};
	objectVersion = 56;
	objects = {

/* Begin PBXBuildFile section */
		818277B229FA1E5900A239C5 /* ToastApp.swift in Sources */ = {isa = PBXBuildFile; fileRef = 818277B129FA1E5900A239C5 /* ToastApp.swift */; };
		818277B429FA1E5900A239C5 /* ContentView.swift in Sources */ = {isa = PBXBuildFile; fileRef = 818277B329FA1E5900A239C5 /* ContentView.swift */; };
		818277B629FA1E5B00A239C5 /* Assets.xcassets in Resources */ = {isa = PBXBuildFile; fileRef = 818277B529FA1E5B00A239C5 /* Assets.xcassets */; };
		818277BA29FA1E5B00A239C5 /* Preview Assets.xcassets in Resources */ = {isa = PBXBuildFile; fileRef = 818277B929FA1E5B00A239C5 /* Preview Assets.xcassets */; };
		818277C529FA4EA300A239C5 /* LoadingView.swift in Sources */ = {isa = PBXBuildFile; fileRef = 818277C429FA4EA300A239C5 /* LoadingView.swift */; };
		818277C729FA683500A239C5 /* LoadingManager.swift in Sources */ = {isa = PBXBuildFile; fileRef = 818277C629FA683500A239C5 /* LoadingManager.swift */; };
		818277CB29FA68A000A239C5 /* BlurView.swift in Sources */ = {isa = PBXBuildFile; fileRef = 818277CA29FA68A000A239C5 /* BlurView.swift */; };
		818277CE29FA880900A239C5 /* ActivityView.swift in Sources */ = {isa = PBXBuildFile; fileRef = 818277CD29FA880900A239C5 /* ActivityView.swift */; };
		818D17102A034D8D00C67D70 /* ToastView.swift in Sources */ = {isa = PBXBuildFile; fileRef = 818D170F2A034D8D00C67D70 /* ToastView.swift */; };
		818D17162A03521900C67D70 /* ToastManager.swift in Sources */ = {isa = PBXBuildFile; fileRef = 818D17152A03521900C67D70 /* ToastManager.swift */; };
		818D17182A03592800C67D70 /* ToastTextView.swift in Sources */ = {isa = PBXBuildFile; fileRef = 818D17172A03592800C67D70 /* ToastTextView.swift */; };
/* End PBXBuildFile section */

/* Begin PBXFileReference section */
		818277AE29FA1E5900A239C5 /* Toast.app */ = {isa = PBXFileReference; explicitFileType = wrapper.application; includeInIndex = 0; path = Toast.app; sourceTree = BUILT_PRODUCTS_DIR; };
		818277B129FA1E5900A239C5 /* ToastApp.swift */ = {isa = PBXFileReference; lastKnownFileType = sourcecode.swift; path = ToastApp.swift; sourceTree = "<group>"; };
		818277B329FA1E5900A239C5 /* ContentView.swift */ = {isa = PBXFileReference; lastKnownFileType = sourcecode.swift; path = ContentView.swift; sourceTree = "<group>"; };
		818277B529FA1E5B00A239C5 /* Assets.xcassets */ = {isa = PBXFileReference; lastKnownFileType = folder.assetcatalog; path = Assets.xcassets; sourceTree = "<group>"; };
		818277B729FA1E5B00A239C5 /* Toast.entitlements */ = {isa = PBXFileReference; lastKnownFileType = text.plist.entitlements; path = Toast.entitlements; sourceTree = "<group>"; };
		818277B929FA1E5B00A239C5 /* Preview Assets.xcassets */ = {isa = PBXFileReference; lastKnownFileType = folder.assetcatalog; path = "Preview Assets.xcassets"; sourceTree = "<group>"; };
		818277C429FA4EA300A239C5 /* LoadingView.swift */ = {isa = PBXFileReference; lastKnownFileType = sourcecode.swift; path = LoadingView.swift; sourceTree = "<group>"; };
		818277C629FA683500A239C5 /* LoadingManager.swift */ = {isa = PBXFileReference; lastKnownFileType = sourcecode.swift; path = LoadingManager.swift; sourceTree = "<group>"; };
		818277CA29FA68A000A239C5 /* BlurView.swift */ = {isa = PBXFileReference; lastKnownFileType = sourcecode.swift; path = BlurView.swift; sourceTree = "<group>"; };
		818277CD29FA880900A239C5 /* ActivityView.swift */ = {isa = PBXFileReference; lastKnownFileType = sourcecode.swift; path = ActivityView.swift; sourceTree = "<group>"; };
		818D170F2A034D8D00C67D70 /* ToastView.swift */ = {isa = PBXFileReference; lastKnownFileType = sourcecode.swift; path = ToastView.swift; sourceTree = "<group>"; };
		818D17152A03521900C67D70 /* ToastManager.swift */ = {isa = PBXFileReference; lastKnownFileType = sourcecode.swift; path = ToastManager.swift; sourceTree = "<group>"; };
		818D17172A03592800C67D70 /* ToastTextView.swift */ = {isa = PBXFileReference; lastKnownFileType = sourcecode.swift; path = ToastTextView.swift; sourceTree = "<group>"; };
/* End PBXFileReference section */

/* Begin PBXFrameworksBuildPhase section */
		818277AB29FA1E5900A239C5 /* Frameworks */ = {
			isa = PBXFrameworksBuildPhase;
			buildActionMask = 2147483647;
			files = (
			);
			runOnlyForDeploymentPostprocessing = 0;
		};
/* End PBXFrameworksBuildPhase section */

/* Begin PBXGroup section */
		810C210F29FB78B20068DAF7 /* HUD */ = {
			isa = PBXGroup;
			children = (
				818D17122A034FB800C67D70 /* Loading */,
				818D17112A034FA300C67D70 /* Toast */,
			);
			path = HUD;
			sourceTree = "<group>";
		};
		818277A529FA1E5900A239C5 = {
			isa = PBXGroup;
			children = (
				818277CC29FA68B400A239C5 /* Sources */,
				818277B029FA1E5900A239C5 /* Toast */,
				818277AF29FA1E5900A239C5 /* Products */,
			);
			sourceTree = "<group>";
		};
		818277AF29FA1E5900A239C5 /* Products */ = {
			isa = PBXGroup;
			children = (
				818277AE29FA1E5900A239C5 /* Toast.app */,
			);
			name = Products;
			sourceTree = "<group>";
		};
		818277B029FA1E5900A239C5 /* Toast */ = {
			isa = PBXGroup;
			children = (
				818277B129FA1E5900A239C5 /* ToastApp.swift */,
				818D17172A03592800C67D70 /* ToastTextView.swift */,
				818277B329FA1E5900A239C5 /* ContentView.swift */,
				818277B529FA1E5B00A239C5 /* Assets.xcassets */,
				818277B729FA1E5B00A239C5 /* Toast.entitlements */,
				818277B829FA1E5B00A239C5 /* Preview Content */,
			);
			path = Toast;
			sourceTree = "<group>";
		};
		818277B829FA1E5B00A239C5 /* Preview Content */ = {
			isa = PBXGroup;
			children = (
				818277B929FA1E5B00A239C5 /* Preview Assets.xcassets */,
			);
			path = "Preview Content";
			sourceTree = "<group>";
		};
		818277CC29FA68B400A239C5 /* Sources */ = {
			isa = PBXGroup;
			children = (
				810C210F29FB78B20068DAF7 /* HUD */,
			);
			path = Sources;
			sourceTree = "<group>";
		};
		818D17112A034FA300C67D70 /* Toast */ = {
			isa = PBXGroup;
			children = (
				818D170F2A034D8D00C67D70 /* ToastView.swift */,
				818D17152A03521900C67D70 /* ToastManager.swift */,
			);
			path = Toast;
			sourceTree = "<group>";
		};
		818D17122A034FB800C67D70 /* Loading */ = {
			isa = PBXGroup;
			children = (
				818277C429FA4EA300A239C5 /* LoadingView.swift */,
				818277C629FA683500A239C5 /* LoadingManager.swift */,
				818277CA29FA68A000A239C5 /* BlurView.swift */,
				818277CD29FA880900A239C5 /* ActivityView.swift */,
			);
			path = Loading;
			sourceTree = "<group>";
		};
/* End PBXGroup section */

/* Begin PBXNativeTarget section */
		818277AD29FA1E5900A239C5 /* Toast */ = {
			isa = PBXNativeTarget;
			buildConfigurationList = 818277BD29FA1E5B00A239C5 /* Build configuration list for PBXNativeTarget "Toast" */;
			buildPhases = (
				818277AA29FA1E5900A239C5 /* Sources */,
				818277AB29FA1E5900A239C5 /* Frameworks */,
				818277AC29FA1E5900A239C5 /* Resources */,
			);
			buildRules = (
			);
			dependencies = (
			);
			name = Toast;
			productName = Toast;
			productReference = 818277AE29FA1E5900A239C5 /* Toast.app */;
			productType = "com.apple.product-type.application";
		};
/* End PBXNativeTarget section */

/* Begin PBXProject section */
		818277A629FA1E5900A239C5 /* Project object */ = {
			isa = PBXProject;
			attributes = {
				BuildIndependentTargetsInParallel = 1;
				LastSwiftUpdateCheck = 1420;
				LastUpgradeCheck = 1420;
				TargetAttributes = {
					818277AD29FA1E5900A239C5 = {
						CreatedOnToolsVersion = 14.2;
					};
				};
			};
			buildConfigurationList = 818277A929FA1E5900A239C5 /* Build configuration list for PBXProject "Toast" */;
			compatibilityVersion = "Xcode 14.0";
			developmentRegion = en;
			hasScannedForEncodings = 0;
			knownRegions = (
				en,
				Base,
			);
			mainGroup = 818277A529FA1E5900A239C5;
			productRefGroup = 818277AF29FA1E5900A239C5 /* Products */;
			projectDirPath = "";
			projectRoot = "";
			targets = (
				818277AD29FA1E5900A239C5 /* Toast */,
			);
		};
/* End PBXProject section */

/* Begin PBXResourcesBuildPhase section */
		818277AC29FA1E5900A239C5 /* Resources */ = {
			isa = PBXResourcesBuildPhase;
			buildActionMask = 2147483647;
			files = (
				818277BA29FA1E5B00A239C5 /* Preview Assets.xcassets in Resources */,
				818277B629FA1E5B00A239C5 /* Assets.xcassets in Resources */,
			);
			runOnlyForDeploymentPostprocessing = 0;
		};
/* End PBXResourcesBuildPhase section */

/* Begin PBXSourcesBuildPhase section */
		818277AA29FA1E5900A239C5 /* Sources */ = {
			isa = PBXSourcesBuildPhase;
			buildActionMask = 2147483647;
			files = (
				818D17102A034D8D00C67D70 /* ToastView.swift in Sources */,
				818277CE29FA880900A239C5 /* ActivityView.swift in Sources */,
				818277C729FA683500A239C5 /* LoadingManager.swift in Sources */,
				818277B429FA1E5900A239C5 /* ContentView.swift in Sources */,
				818D17162A03521900C67D70 /* ToastManager.swift in Sources */,
				818277B229FA1E5900A239C5 /* ToastApp.swift in Sources */,
				818277C529FA4EA300A239C5 /* LoadingView.swift in Sources */,
				818D17182A03592800C67D70 /* ToastTextView.swift in Sources */,
				818277CB29FA68A000A239C5 /* BlurView.swift in Sources */,
			);
			runOnlyForDeploymentPostprocessing = 0;
		};
/* End PBXSourcesBuildPhase section */

/* Begin XCBuildConfiguration section */
		818277BB29FA1E5B00A239C5 /* Debug */ = {
			isa = XCBuildConfiguration;
			buildSettings = {
				ALWAYS_SEARCH_USER_PATHS = NO;
				CLANG_ANALYZER_NONNULL = YES;
				CLANG_ANALYZER_NUMBER_OBJECT_CONVERSION = YES_AGGRESSIVE;
				CLANG_CXX_LANGUAGE_STANDARD = "gnu++20";
				CLANG_ENABLE_MODULES = YES;
				CLANG_ENABLE_OBJC_ARC = YES;
				CLANG_ENABLE_OBJC_WEAK = YES;
				CLANG_WARN_BLOCK_CAPTURE_AUTORELEASING = YES;
				CLANG_WARN_BOOL_CONVERSION = YES;
				CLANG_WARN_COMMA = YES;
				CLANG_WARN_CONSTANT_CONVERSION = YES;
				CLANG_WARN_DEPRECATED_OBJC_IMPLEMENTATIONS = YES;
				CLANG_WARN_DIRECT_OBJC_ISA_USAGE = YES_ERROR;
				CLANG_WARN_DOCUMENTATION_COMMENTS = YES;
				CLANG_WARN_EMPTY_BODY = YES;
				CLANG_WARN_ENUM_CONVERSION = YES;
				CLANG_WARN_INFINITE_RECURSION = YES;
				CLANG_WARN_INT_CONVERSION = YES;
				CLANG_WARN_NON_LITERAL_NULL_CONVERSION = YES;
				CLANG_WARN_OBJC_IMPLICIT_RETAIN_SELF = YES;
				CLANG_WARN_OBJC_LITERAL_CONVERSION = YES;
				CLANG_WARN_OBJC_ROOT_CLASS = YES_ERROR;
				CLANG_WARN_QUOTED_INCLUDE_IN_FRAMEWORK_HEADER = YES;
				CLANG_WARN_RANGE_LOOP_ANALYSIS = YES;
				CLANG_WARN_STRICT_PROTOTYPES = YES;
				CLANG_WARN_SUSPICIOUS_MOVE = YES;
				CLANG_WARN_UNGUARDED_AVAILABILITY = YES_AGGRESSIVE;
				CLANG_WARN_UNREACHABLE_CODE = YES;
				CLANG_WARN__DUPLICATE_METHOD_MATCH = YES;
				COPY_PHASE_STRIP = NO;
				DEBUG_INFORMATION_FORMAT = dwarf;
				ENABLE_STRICT_OBJC_MSGSEND = YES;
				ENABLE_TESTABILITY = YES;
				GCC_C_LANGUAGE_STANDARD = gnu11;
				GCC_DYNAMIC_NO_PIC = NO;
				GCC_NO_COMMON_BLOCKS = YES;
				GCC_OPTIMIZATION_LEVEL = 0;
				GCC_PREPROCESSOR_DEFINITIONS = (
					"DEBUG=1",
					"$(inherited)",
				);
				GCC_WARN_64_TO_32_BIT_CONVERSION = YES;
				GCC_WARN_ABOUT_RETURN_TYPE = YES_ERROR;
				GCC_WARN_UNDECLARED_SELECTOR = YES;
				GCC_WARN_UNINITIALIZED_AUTOS = YES_AGGRESSIVE;
				GCC_WARN_UNUSED_FUNCTION = YES;
				GCC_WARN_UNUSED_VARIABLE = YES;
				IPHONEOS_DEPLOYMENT_TARGET = 14.0;
				MACOSX_DEPLOYMENT_TARGET = 12.0;
				MTL_ENABLE_DEBUG_INFO = INCLUDE_SOURCE;
				MTL_FAST_MATH = YES;
				ONLY_ACTIVE_ARCH = YES;
				SWIFT_ACTIVE_COMPILATION_CONDITIONS = DEBUG;
				SWIFT_OPTIMIZATION_LEVEL = "-Onone";
			};
			name = Debug;
		};
		818277BC29FA1E5B00A239C5 /* Release */ = {
			isa = XCBuildConfiguration;
			buildSettings = {
				ALWAYS_SEARCH_USER_PATHS = NO;
				CLANG_ANALYZER_NONNULL = YES;
				CLANG_ANALYZER_NUMBER_OBJECT_CONVERSION = YES_AGGRESSIVE;
				CLANG_CXX_LANGUAGE_STANDARD = "gnu++20";
				CLANG_ENABLE_MODULES = YES;
				CLANG_ENABLE_OBJC_ARC = YES;
				CLANG_ENABLE_OBJC_WEAK = YES;
				CLANG_WARN_BLOCK_CAPTURE_AUTORELEASING = YES;
				CLANG_WARN_BOOL_CONVERSION = YES;
				CLANG_WARN_COMMA = YES;
				CLANG_WARN_CONSTANT_CONVERSION = YES;
				CLANG_WARN_DEPRECATED_OBJC_IMPLEMENTATIONS = YES;
				CLANG_WARN_DIRECT_OBJC_ISA_USAGE = YES_ERROR;
				CLANG_WARN_DOCUMENTATION_COMMENTS = YES;
				CLANG_WARN_EMPTY_BODY = YES;
				CLANG_WARN_ENUM_CONVERSION = YES;
				CLANG_WARN_INFINITE_RECURSION = YES;
				CLANG_WARN_INT_CONVERSION = YES;
				CLANG_WARN_NON_LITERAL_NULL_CONVERSION = YES;
				CLANG_WARN_OBJC_IMPLICIT_RETAIN_SELF = YES;
				CLANG_WARN_OBJC_LITERAL_CONVERSION = YES;
				CLANG_WARN_OBJC_ROOT_CLASS = YES_ERROR;
				CLANG_WARN_QUOTED_INCLUDE_IN_FRAMEWORK_HEADER = YES;
				CLANG_WARN_RANGE_LOOP_ANALYSIS = YES;
				CLANG_WARN_STRICT_PROTOTYPES = YES;
				CLANG_WARN_SUSPICIOUS_MOVE = YES;
				CLANG_WARN_UNGUARDED_AVAILABILITY = YES_AGGRESSIVE;
				CLANG_WARN_UNREACHABLE_CODE = YES;
				CLANG_WARN__DUPLICATE_METHOD_MATCH = YES;
				COPY_PHASE_STRIP = NO;
				DEBUG_INFORMATION_FORMAT = "dwarf-with-dsym";
				ENABLE_NS_ASSERTIONS = NO;
				ENABLE_STRICT_OBJC_MSGSEND = YES;
				GCC_C_LANGUAGE_STANDARD = gnu11;
				GCC_NO_COMMON_BLOCKS = YES;
				GCC_WARN_64_TO_32_BIT_CONVERSION = YES;
				GCC_WARN_ABOUT_RETURN_TYPE = YES_ERROR;
				GCC_WARN_UNDECLARED_SELECTOR = YES;
				GCC_WARN_UNINITIALIZED_AUTOS = YES_AGGRESSIVE;
				GCC_WARN_UNUSED_FUNCTION = YES;
				GCC_WARN_UNUSED_VARIABLE = YES;
				IPHONEOS_DEPLOYMENT_TARGET = 14.0;
				MACOSX_DEPLOYMENT_TARGET = 12.0;
				MTL_ENABLE_DEBUG_INFO = NO;
				MTL_FAST_MATH = YES;
				SWIFT_COMPILATION_MODE = wholemodule;
				SWIFT_OPTIMIZATION_LEVEL = "-O";
			};
			name = Release;
		};
		818277BE29FA1E5B00A239C5 /* Debug */ = {
			isa = XCBuildConfiguration;
			buildSettings = {
				ASSETCATALOG_COMPILER_APPICON_NAME = AppIcon;
				ASSETCATALOG_COMPILER_GLOBAL_ACCENT_COLOR_NAME = AccentColor;
				CODE_SIGN_ENTITLEMENTS = Toast/Toast.entitlements;
				CODE_SIGN_STYLE = Automatic;
				CURRENT_PROJECT_VERSION = 1;
				DEVELOPMENT_ASSET_PATHS = "\"Toast/Preview Content\"";
				DEVELOPMENT_TEAM = 2H98YDVC78;
				ENABLE_HARDENED_RUNTIME = YES;
				ENABLE_PREVIEWS = YES;
				GENERATE_INFOPLIST_FILE = YES;
				"INFOPLIST_KEY_UIApplicationSceneManifest_Generation[sdk=iphoneos*]" = YES;
				"INFOPLIST_KEY_UIApplicationSceneManifest_Generation[sdk=iphonesimulator*]" = YES;
				"INFOPLIST_KEY_UIApplicationSupportsIndirectInputEvents[sdk=iphoneos*]" = YES;
				"INFOPLIST_KEY_UIApplicationSupportsIndirectInputEvents[sdk=iphonesimulator*]" = YES;
				"INFOPLIST_KEY_UILaunchScreen_Generation[sdk=iphoneos*]" = YES;
				"INFOPLIST_KEY_UILaunchScreen_Generation[sdk=iphonesimulator*]" = YES;
				"INFOPLIST_KEY_UIStatusBarStyle[sdk=iphoneos*]" = UIStatusBarStyleDefault;
				"INFOPLIST_KEY_UIStatusBarStyle[sdk=iphonesimulator*]" = UIStatusBarStyleDefault;
				INFOPLIST_KEY_UISupportedInterfaceOrientations_iPad = "UIInterfaceOrientationPortrait UIInterfaceOrientationPortraitUpsideDown UIInterfaceOrientationLandscapeLeft UIInterfaceOrientationLandscapeRight";
				INFOPLIST_KEY_UISupportedInterfaceOrientations_iPhone = "UIInterfaceOrientationPortrait UIInterfaceOrientationLandscapeLeft UIInterfaceOrientationLandscapeRight";
				IPHONEOS_DEPLOYMENT_TARGET = 14.0;
				LD_RUNPATH_SEARCH_PATHS = "@executable_path/Frameworks";
				"LD_RUNPATH_SEARCH_PATHS[sdk=macosx*]" = "@executable_path/../Frameworks";
				MACOSX_DEPLOYMENT_TARGET = 12.0;
				MARKETING_VERSION = 1.0;
				PRODUCT_BUNDLE_IDENTIFIER = com.chat.muma.Toast;
				PRODUCT_NAME = "$(TARGET_NAME)";
				SDKROOT = auto;
				SUPPORTED_PLATFORMS = "iphoneos iphonesimulator macosx";
				SWIFT_EMIT_LOC_STRINGS = YES;
				SWIFT_VERSION = 5.0;
				TARGETED_DEVICE_FAMILY = "1,2";
			};
			name = Debug;
		};
		818277BF29FA1E5B00A239C5 /* Release */ = {
			isa = XCBuildConfiguration;
			buildSettings = {
				ASSETCATALOG_COMPILER_APPICON_NAME = AppIcon;
				ASSETCATALOG_COMPILER_GLOBAL_ACCENT_COLOR_NAME = AccentColor;
				CODE_SIGN_ENTITLEMENTS = Toast/Toast.entitlements;
				CODE_SIGN_STYLE = Automatic;
				CURRENT_PROJECT_VERSION = 1;
				DEVELOPMENT_ASSET_PATHS = "\"Toast/Preview Content\"";
				DEVELOPMENT_TEAM = 2H98YDVC78;
				ENABLE_HARDENED_RUNTIME = YES;
				ENABLE_PREVIEWS = YES;
				GENERATE_INFOPLIST_FILE = YES;
				"INFOPLIST_KEY_UIApplicationSceneManifest_Generation[sdk=iphoneos*]" = YES;
				"INFOPLIST_KEY_UIApplicationSceneManifest_Generation[sdk=iphonesimulator*]" = YES;
				"INFOPLIST_KEY_UIApplicationSupportsIndirectInputEvents[sdk=iphoneos*]" = YES;
				"INFOPLIST_KEY_UIApplicationSupportsIndirectInputEvents[sdk=iphonesimulator*]" = YES;
				"INFOPLIST_KEY_UILaunchScreen_Generation[sdk=iphoneos*]" = YES;
				"INFOPLIST_KEY_UILaunchScreen_Generation[sdk=iphonesimulator*]" = YES;
				"INFOPLIST_KEY_UIStatusBarStyle[sdk=iphoneos*]" = UIStatusBarStyleDefault;
				"INFOPLIST_KEY_UIStatusBarStyle[sdk=iphonesimulator*]" = UIStatusBarStyleDefault;
				INFOPLIST_KEY_UISupportedInterfaceOrientations_iPad = "UIInterfaceOrientationPortrait UIInterfaceOrientationPortraitUpsideDown UIInterfaceOrientationLandscapeLeft UIInterfaceOrientationLandscapeRight";
				INFOPLIST_KEY_UISupportedInterfaceOrientations_iPhone = "UIInterfaceOrientationPortrait UIInterfaceOrientationLandscapeLeft UIInterfaceOrientationLandscapeRight";
				IPHONEOS_DEPLOYMENT_TARGET = 14.0;
				LD_RUNPATH_SEARCH_PATHS = "@executable_path/Frameworks";
				"LD_RUNPATH_SEARCH_PATHS[sdk=macosx*]" = "@executable_path/../Frameworks";
				MACOSX_DEPLOYMENT_TARGET = 12.0;
				MARKETING_VERSION = 1.0;
				PRODUCT_BUNDLE_IDENTIFIER = com.chat.muma.Toast;
				PRODUCT_NAME = "$(TARGET_NAME)";
				SDKROOT = auto;
				SUPPORTED_PLATFORMS = "iphoneos iphonesimulator macosx";
				SWIFT_EMIT_LOC_STRINGS = YES;
				SWIFT_VERSION = 5.0;
				TARGETED_DEVICE_FAMILY = "1,2";
			};
			name = Release;
		};
/* End XCBuildConfiguration section */

/* Begin XCConfigurationList section */
		818277A929FA1E5900A239C5 /* Build configuration list for PBXProject "Toast" */ = {
			isa = XCConfigurationList;
			buildConfigurations = (
				818277BB29FA1E5B00A239C5 /* Debug */,
				818277BC29FA1E5B00A239C5 /* Release */,
			);
			defaultConfigurationIsVisible = 0;
			defaultConfigurationName = Release;
		};
		818277BD29FA1E5B00A239C5 /* Build configuration list for PBXNativeTarget "Toast" */ = {
			isa = XCConfigurationList;
			buildConfigurations = (
				818277BE29FA1E5B00A239C5 /* Debug */,
				818277BF29FA1E5B00A239C5 /* Release */,
			);
			defaultConfigurationIsVisible = 0;
			defaultConfigurationName = Release;
		};
/* End XCConfigurationList section */
	};
	rootObject = 818277A629FA1E5900A239C5 /* Project object */;
}
